{
    "_readme": [
        "This file locks the dependencies of your project to a known state",
        "Read more about it at https://getcomposer.org/doc/01-basic-usage.md#installing-dependencies",
        "This file is @generated automatically"
    ],
    "content-hash": "593cbf873152671eea0a357088aec644",
    "packages": [
        {
            "name": "nddcoder/tinyurl-php-sdk",
            "version": "dev-master",
            "source": {
                "type": "git",
                "url": "https://github.com/dangdungcntt/tinyurl-php-sdk.git",
                "reference": "637ea156cee15e0757d9b8eca4e366c67bec30ba"
            },
            "dist": {
                "type": "zip",
                "url": "https://api.github.com/repos/dangdungcntt/tinyurl-php-sdk/zipball/637ea156cee15e0757d9b8eca4e366c67bec30ba",
                "reference": "637ea156cee15e0757d9b8eca4e366c67bec30ba",
                "shasum": ""
            },
            "require": {
                "ext-curl": "*",
                "php": "^7.4|^8.0"
            },
            "require-dev": {
                "phpunit/phpunit": "^9.3",
                "vimeo/psalm": "^4.3"
            },
            "default-branch": true,
            "type": "library",
            "autoload": {
                "psr-4": {
                    "Nddcoder\\TinyURL\\": "src"
                }
            },
            "notification-url": "https://packagist.org/downloads/",
            "license": [
                "MIT"
            ],
            "authors": [
                {
                    "name": "Dung Nguyen Dang",
                    "email": "dangdungcntt@gmail.com",
                    "role": "Developer"
                }
            ],
            "homepage": "https://github.com/dangdungcntt/tinyurl-php-sdk",
            "keywords": [
                "nddcoder",
                "tinyurl-php-sdk"
            ],
            "support": {
                "issues": "https://github.com/dangdungcntt/tinyurl-php-sdk/issues",
                "source": "https://github.com/dangdungcntt/tinyurl-php-sdk/tree/master"
            },
            "time": "2020-12-23T04:49:11+00:00"
        },
        {
            "name": "symfony/polyfill-php80",
            "version": "v1.20.0",
            "source": {
                "type": "git",
                "url": "https://github.com/symfony/polyfill-php80.git",
                "reference": "e70aa8b064c5b72d3df2abd5ab1e90464ad009de"
            },
            "dist": {
                "type": "zip",
                "url": "https://api.github.com/repos/symfony/polyfill-php80/zipball/e70aa8b064c5b72d3df2abd5ab1e90464ad009de",
                "reference": "e70aa8b064c5b72d3df2abd5ab1e90464ad009de",
                "shasum": ""
            },
            "require": {
                "php": ">=7.1"
            },
            "type": "library",
            "extra": {
                "branch-alias": {
                    "dev-main": "1.20-dev"
                },
                "thanks": {
                    "name": "symfony/polyfill",
                    "url": "https://github.com/symfony/polyfill"
                }
            },
            "autoload": {
                "psr-4": {
                    "Symfony\\Polyfill\\Php80\\": ""
                },
                "files": [
                    "bootstrap.php"
                ],
                "classmap": [
                    "Resources/stubs"
                ]
            },
            "notification-url": "https://packagist.org/downloads/",
            "license": [
                "MIT"
            ],
            "authors": [
                {
                    "name": "Ion Bazan",
                    "email": "ion.bazan@gmail.com"
                },
                {
                    "name": "Nicolas Grekas",
                    "email": "p@tchwork.com"
                },
                {
                    "name": "Symfony Community",
                    "homepage": "https://symfony.com/contributors"
                }
            ],
            "description": "Symfony polyfill backporting some PHP 8.0+ features to lower PHP versions",
            "homepage": "https://symfony.com",
            "keywords": [
                "compatibility",
                "polyfill",
                "portable",
                "shim"
            ],
            "support": {
                "source": "https://github.com/symfony/polyfill-php80/tree/v1.20.0"
            },
            "funding": [
                {
                    "url": "https://symfony.com/sponsor",
                    "type": "custom"
                },
                {
                    "url": "https://github.com/fabpot",
                    "type": "github"
                },
                {
                    "url": "https://tidelift.com/funding/github/packagist/symfony/symfony",
                    "type": "tidelift"
                }
            ],
            "time": "2020-10-23T14:02:19+00:00"
        }
    ],
    "packages-dev": [],
    "aliases": [],
    "minimum-stability": "stable",
    "stability-flags": {
        "nddcoder/tinyurl-php-sdk": 20
    },
    "prefer-stable": false,
    "prefer-lowest": false,
    "platform": {
        "php": "^7.4|^8.0"
    },
    "platform-dev": [],
    "plugin-api-version": "2.0.0"
}
